{
  "name": "aws-durable-execution-sdk-js",
  "version": "0.0.0",
  "lockfileVersion": 3,
  "requires": true,
  "packages": {
    "": {
      "name": "aws-durable-execution-sdk-js",
      "version": "0.0.0",
      "license": "Apache-2.0",
      "workspaces": [
        "packages/*"
      ]
    },
    "node_modules/@aws/durable-execution-sdk-js": {
      "resolved": "packages/aws-durable-execution-sdk-js",
      "link": true
    },
    "node_modules/@aws/durable-execution-sdk-js-eslint-plugin": {
      "resolved": "packages/aws-durable-execution-sdk-js-eslint-plugin",
      "link": true
    },
    "node_modules/@aws/durable-execution-sdk-js-testing": {
      "resolved": "packages/aws-durable-execution-sdk-js-testing",
      "link": true
    },
    "packages/aws-durable-execution-sdk-js": {
      "name": "@aws/durable-execution-sdk-js",
      "version": "0.0.1"
    },
    "packages/aws-durable-execution-sdk-js-eslint-plugin": {
      "name": "@aws/durable-execution-sdk-js-eslint-plugin",
      "version": "0.0.1"
    },
    "packages/aws-durable-execution-sdk-js-testing": {
      "name": "@aws/durable-execution-sdk-js-testing",
      "version": "0.0.1"
    }
  }
}
